
Microsoft Visual Studio Solution File, Format Version 12.00
# Visual Studio 15
VisualStudioVersion = 15.0.28010.2003
MinimumVisualStudioVersion = 10.0.40219.1
Project("{FAE04EC0-301F-11D3-BF4B-00C04F79EFBC}") = "DataParser", "DataParser\DataParser.csproj", "{31DC0F9B-391B-4A2A-9337-154210A3D5EC}"
EndProject
Project("{FAE04EC0-301F-11D3-BF4B-00C04F79EFBC}") = "MyCounselor", "MyCounselor\MyCounselor.csproj", "{7C0F3431-829B-4D28-91E6-9E03C4E37BB5}"
EndProject
Global
	GlobalSection(SolutionConfigurationPlatforms) = preSolution
		Debug|Any CPU = Debug|Any CPU
		Release|Any CPU = Release|Any CPU
	EndGlobalSection
	GlobalSection(ProjectConfigurationPlatforms) = postSolution
		{31DC0F9B-391B-4A2A-9337-154210A3D5EC}.Debug|Any CPU.ActiveCfg = Debug|Any CPU
		{31DC0F9B-391B-4A2A-9337-154210A3D5EC}.Debug|Any CPU.Build.0 = Debug|Any CPU
		{31DC0F9B-391B-4A2A-9337-154210A3D5EC}.Release|Any CPU.ActiveCfg = Release|Any CPU
		{31DC0F9B-391B-4A2A-9337-154210A3D5EC}.Release|Any CPU.Build.0 = Release|Any CPU
		{7C0F3431-829B-4D28-91E6-9E03C4E37BB5}.Debug|Any CPU.ActiveCfg = Debug|Any CPU
		{7C0F3431-829B-4D28-91E6-9E03C4E37BB5}.Debug|Any CPU.Build.0 = Debug|Any CPU
		{7C0F3431-829B-4D28-91E6-9E03C4E37BB5}.Release|Any CPU.ActiveCfg = Release|Any CPU
		{7C0F3431-829B-4D28-91E6-9E03C4E37BB5}.Release|Any CPU.Build.0 = Release|Any CPU
	EndGlobalSection
	GlobalSection(SolutionProperties) = preSolution
		HideSolutionNode = FALSE
	EndGlobalSection
	GlobalSection(ExtensibilityGlobals) = postSolution
		SolutionGuid = {B4D0C2D0-C6AE-4FC9-86CC-D029CD01B74B}
	EndGlobalSection
EndGlobal
